// !$*UTF8*$!
{
	archiveVersion = 1;
	classes = {
	};
	objectVersion = 50;
	objects = {

/* Begin PBXBuildFile section */
		B33B20062423CBCC00F72A67 /* AppDelegate.swift in Sources */ = {isa = PBXBuildFile; fileRef = B33B20052423CBCC00F72A67 /* AppDelegate.swift */; };
		B33B20082423CBCC00F72A67 /* SceneDelegate.swift in Sources */ = {isa = PBXBuildFile; fileRef = B33B20072423CBCC00F72A67 /* SceneDelegate.swift */; };
		B33B200A2423CBCC00F72A67 /* ViewController.swift in Sources */ = {isa = PBXBuildFile; fileRef = B33B20092423CBCC00F72A67 /* ViewController.swift */; };
		B33B200D2423CBCC00F72A67 /* Main.storyboard in Resources */ = {isa = PBXBuildFile; fileRef = B33B200B2423CBCC00F72A67 /* Main.storyboard */; };
		B33B200F2423CBCD00F72A67 /* Assets.xcassets in Resources */ = {isa = PBXBuildFile; fileRef = B33B200E2423CBCD00F72A67 /* Assets.xcassets */; };
		B33B20122423CBCD00F72A67 /* LaunchScreen.storyboard in Resources */ = {isa = PBXBuildFile; fileRef = B33B20102423CBCD00F72A67 /* LaunchScreen.storyboard */; };
		B3D802722434C75600C17F03 /* FriendsCell.swift in Sources */ = {isa = PBXBuildFile; fileRef = B3D802712434C75600C17F03 /* FriendsCell.swift */; };
		B3D802742434C78100C17F03 /* FriendsController.swift in Sources */ = {isa = PBXBuildFile; fileRef = B3D802732434C78100C17F03 /* FriendsController.swift */; };
		B3D802762434E9DE00C17F03 /* GroupController.swift in Sources */ = {isa = PBXBuildFile; fileRef = B3D802752434E9DE00C17F03 /* GroupController.swift */; };
		B3D802782434EA0E00C17F03 /* GroupCell.swift in Sources */ = {isa = PBXBuildFile; fileRef = B3D802772434EA0E00C17F03 /* GroupCell.swift */; };
		B3D8027A2434EA3400C17F03 /* MyGroupCell.swift in Sources */ = {isa = PBXBuildFile; fileRef = B3D802792434EA3400C17F03 /* MyGroupCell.swift */; };
		B3D8027E2434EBAD00C17F03 /* MyGroupController.swift in Sources */ = {isa = PBXBuildFile; fileRef = B3D8027D2434EBAD00C17F03 /* MyGroupController.swift */; };
		B3D802802434ECF900C17F03 /* FriendInfoController.swift in Sources */ = {isa = PBXBuildFile; fileRef = B3D8027F2434ECF900C17F03 /* FriendInfoController.swift */; };
		B3D802822434ED0F00C17F03 /* FriendInfoCell.swift in Sources */ = {isa = PBXBuildFile; fileRef = B3D802812434ED0F00C17F03 /* FriendInfoCell.swift */; };
		B3D802882435EE1300C17F03 /* User.swift in Sources */ = {isa = PBXBuildFile; fileRef = B3D802872435EE1300C17F03 /* User.swift */; };
		B3D8028A2435EE2B00C17F03 /* Group.swift in Sources */ = {isa = PBXBuildFile; fileRef = B3D802892435EE2B00C17F03 /* Group.swift */; };
/* End PBXBuildFile section */

/* Begin PBXFileReference section */
		B33B20022423CBCC00F72A67 /* clientVK.app */ = {isa = PBXFileReference; explicitFileType = wrapper.application; includeInIndex = 0; path = clientVK.app; sourceTree = BUILT_PRODUCTS_DIR; };
		B33B20052423CBCC00F72A67 /* AppDelegate.swift */ = {isa = PBXFileReference; lastKnownFileType = sourcecode.swift; path = AppDelegate.swift; sourceTree = "<group>"; };
		B33B20072423CBCC00F72A67 /* SceneDelegate.swift */ = {isa = PBXFileReference; lastKnownFileType = sourcecode.swift; path = SceneDelegate.swift; sourceTree = "<group>"; };
		B33B20092423CBCC00F72A67 /* ViewController.swift */ = {isa = PBXFileReference; lastKnownFileType = sourcecode.swift; path = ViewController.swift; sourceTree = "<group>"; };
		B33B200C2423CBCC00F72A67 /* Base */ = {isa = PBXFileReference; lastKnownFileType = file.storyboard; name = Base; path = Base.lproj/Main.storyboard; sourceTree = "<group>"; };
		B33B200E2423CBCD00F72A67 /* Assets.xcassets */ = {isa = PBXFileReference; lastKnownFileType = folder.assetcatalog; path = Assets.xcassets; sourceTree = "<group>"; };
		B33B20112423CBCD00F72A67 /* Base */ = {isa = PBXFileReference; lastKnownFileType = file.storyboard; name = Base; path = Base.lproj/LaunchScreen.storyboard; sourceTree = "<group>"; };
		B33B20132423CBCD00F72A67 /* Info.plist */ = {isa = PBXFileReference; lastKnownFileType = text.plist.xml; path = Info.plist; sourceTree = "<group>"; };
		B3D802712434C75600C17F03 /* FriendsCell.swift */ = {isa = PBXFileReference; fileEncoding = 4; lastKnownFileType = sourcecode.swift; path = FriendsCell.swift; sourceTree = "<group>"; };
		B3D802732434C78100C17F03 /* FriendsController.swift */ = {isa = PBXFileReference; fileEncoding = 4; lastKnownFileType = sourcecode.swift; path = FriendsController.swift; sourceTree = "<group>"; };
		B3D802752434E9DE00C17F03 /* GroupController.swift */ = {isa = PBXFileReference; lastKnownFileType = sourcecode.swift; path = GroupController.swift; sourceTree = "<group>"; };
		B3D802772434EA0E00C17F03 /* GroupCell.swift */ = {isa = PBXFileReference; lastKnownFileType = sourcecode.swift; path = GroupCell.swift; sourceTree = "<group>"; };
		B3D802792434EA3400C17F03 /* MyGroupCell.swift */ = {isa = PBXFileReference; lastKnownFileType = sourcecode.swift; path = MyGroupCell.swift; sourceTree = "<group>"; };
		B3D8027D2434EBAD00C17F03 /* MyGroupController.swift */ = {isa = PBXFileReference; lastKnownFileType = sourcecode.swift; path = MyGroupController.swift; sourceTree = "<group>"; };
		B3D8027F2434ECF900C17F03 /* FriendInfoController.swift */ = {isa = PBXFileReference; lastKnownFileType = sourcecode.swift; path = FriendInfoController.swift; sourceTree = "<group>"; };
		B3D802812434ED0F00C17F03 /* FriendInfoCell.swift */ = {isa = PBXFileReference; lastKnownFileType = sourcecode.swift; path = FriendInfoCell.swift; sourceTree = "<group>"; };
		B3D802872435EE1300C17F03 /* User.swift */ = {isa = PBXFileReference; lastKnownFileType = sourcecode.swift; path = User.swift; sourceTree = "<group>"; };
		B3D802892435EE2B00C17F03 /* Group.swift */ = {isa = PBXFileReference; lastKnownFileType = sourcecode.swift; path = Group.swift; sourceTree = "<group>"; };
/* End PBXFileReference section */

/* Begin PBXFrameworksBuildPhase section */
		B33B1FFF2423CBCC00F72A67 /* Frameworks */ = {
			isa = PBXFrameworksBuildPhase;
			buildActionMask = 2147483647;
			files = (
			);
			runOnlyForDeploymentPostprocessing = 0;
		};
/* End PBXFrameworksBuildPhase section */

/* Begin PBXGroup section */
		B33B1FF92423CBCC00F72A67 = {
			isa = PBXGroup;
			children = (
				B33B20042423CBCC00F72A67 /* clientVK */,
				B33B20032423CBCC00F72A67 /* Products */,
			);
			sourceTree = "<group>";
		};
		B33B20032423CBCC00F72A67 /* Products */ = {
			isa = PBXGroup;
			children = (
				B33B20022423CBCC00F72A67 /* clientVK.app */,
			);
			name = Products;
			sourceTree = "<group>";
		};
		B33B20042423CBCC00F72A67 /* clientVK */ = {
			isa = PBXGroup;
			children = (
				B3D8025E2433BA4B00C17F03 /* Model */,
				B3D802842434EEA000C17F03 /* MyGroup */,
				B33B20072423CBCC00F72A67 /* SceneDelegate.swift */,
				B33B20092423CBCC00F72A67 /* ViewController.swift */,
				B3D802832434EE6900C17F03 /* Group */,
				B33B200B2423CBCC00F72A67 /* Main.storyboard */,
				B3D802852434EEC400C17F03 /* FrendInfo */,
				B33B200E2423CBCD00F72A67 /* Assets.xcassets */,
				B33B20102423CBCD00F72A67 /* LaunchScreen.storyboard */,
				B3D802862434EEE500C17F03 /* Friends */,
				B33B20132423CBCD00F72A67 /* Info.plist */,
				B33B20052423CBCC00F72A67 /* AppDelegate.swift */,
			);
			path = clientVK;
			sourceTree = "<group>";
		};
		B3D8025E2433BA4B00C17F03 /* Model */ = {
			isa = PBXGroup;
			children = (
				B3D802872435EE1300C17F03 /* User.swift */,
				B3D802892435EE2B00C17F03 /* Group.swift */,
			);
			path = Model;
			sourceTree = "<group>";
		};
		B3D802832434EE6900C17F03 /* Group */ = {
			isa = PBXGroup;
			children = (
				B3D802772434EA0E00C17F03 /* GroupCell.swift */,
				B3D802752434E9DE00C17F03 /* GroupController.swift */,
			);
			path = Group;
			sourceTree = "<group>";
		};
		B3D802842434EEA000C17F03 /* MyGroup */ = {
			isa = PBXGroup;
			children = (
				B3D8027D2434EBAD00C17F03 /* MyGroupController.swift */,
				B3D802792434EA3400C17F03 /* MyGroupCell.swift */,
			);
			path = MyGroup;
			sourceTree = "<group>";
		};
		B3D802852434EEC400C17F03 /* FrendInfo */ = {
			isa = PBXGroup;
			children = (
				B3D8027F2434ECF900C17F03 /* FriendInfoController.swift */,
				B3D802812434ED0F00C17F03 /* FriendInfoCell.swift */,
			);
			path = FrendInfo;
			sourceTree = "<group>";
		};
		B3D802862434EEE500C17F03 /* Friends */ = {
			isa = PBXGroup;
			children = (
				B3D802712434C75600C17F03 /* FriendsCell.swift */,
				B3D802732434C78100C17F03 /* FriendsController.swift */,
			);
			path = Friends;
			sourceTree = "<group>";
		};
/* End PBXGroup section */

/* Begin PBXNativeTarget section */
		B33B20012423CBCC00F72A67 /* clientVK */ = {
			isa = PBXNativeTarget;
			buildConfigurationList = B33B20162423CBCD00F72A67 /* Build configuration list for PBXNativeTarget "clientVK" */;
			buildPhases = (
				B33B1FFE2423CBCC00F72A67 /* Sources */,
				B33B1FFF2423CBCC00F72A67 /* Frameworks */,
				B33B20002423CBCC00F72A67 /* Resources */,
			);
			buildRules = (
			);
			dependencies = (
			);
			name = clientVK;
			productName = clientVK;
			productReference = B33B20022423CBCC00F72A67 /* clientVK.app */;
			productType = "com.apple.product-type.application";
		};
/* End PBXNativeTarget section */

/* Begin PBXProject section */
		B33B1FFA2423CBCC00F72A67 /* Project object */ = {
			isa = PBXProject;
			attributes = {
				LastSwiftUpdateCheck = 1130;
				LastUpgradeCheck = 1130;
				ORGANIZATIONNAME = "paul kudryavtsev";
				TargetAttributes = {
					B33B20012423CBCC00F72A67 = {
						CreatedOnToolsVersion = 11.3.1;
					};
				};
			};
			buildConfigurationList = B33B1FFD2423CBCC00F72A67 /* Build configuration list for PBXProject "clientVK" */;
			compatibilityVersion = "Xcode 9.3";
			developmentRegion = en;
			hasScannedForEncodings = 0;
			knownRegions = (
				en,
				Base,
			);
			mainGroup = B33B1FF92423CBCC00F72A67;
			productRefGroup = B33B20032423CBCC00F72A67 /* Products */;
			projectDirPath = "";
			projectRoot = "";
			targets = (
				B33B20012423CBCC00F72A67 /* clientVK */,
			);
		};
/* End PBXProject section */

/* Begin PBXResourcesBuildPhase section */
		B33B20002423CBCC00F72A67 /* Resources */ = {
			isa = PBXResourcesBuildPhase;
			buildActionMask = 2147483647;
			files = (
				B33B20122423CBCD00F72A67 /* LaunchScreen.storyboard in Resources */,
				B33B200F2423CBCD00F72A67 /* Assets.xcassets in Resources */,
				B33B200D2423CBCC00F72A67 /* Main.storyboard in Resources */,
			);
			runOnlyForDeploymentPostprocessing = 0;
		};
/* End PBXResourcesBuildPhase section */

/* Begin PBXSourcesBuildPhase section */
		B33B1FFE2423CBCC00F72A67 /* Sources */ = {
			isa = PBXSourcesBuildPhase;
			buildActionMask = 2147483647;
			files = (
				B3D802782434EA0E00C17F03 /* GroupCell.swift in Sources */,
				B3D802802434ECF900C17F03 /* FriendInfoController.swift in Sources */,
				B33B200A2423CBCC00F72A67 /* ViewController.swift in Sources */,
				B3D802742434C78100C17F03 /* FriendsController.swift in Sources */,
				B33B20062423CBCC00F72A67 /* AppDelegate.swift in Sources */,
				B33B20082423CBCC00F72A67 /* SceneDelegate.swift in Sources */,
				B3D8028A2435EE2B00C17F03 /* Group.swift in Sources */,
				B3D802822434ED0F00C17F03 /* FriendInfoCell.swift in Sources */,
				B3D802722434C75600C17F03 /* FriendsCell.swift in Sources */,
				B3D802882435EE1300C17F03 /* User.swift in Sources */,
				B3D8027E2434EBAD00C17F03 /* MyGroupController.swift in Sources */,
				B3D802762434E9DE00C17F03 /* GroupController.swift in Sources */,
				B3D8027A2434EA3400C17F03 /* MyGroupCell.swift in Sources */,
			);
			runOnlyForDeploymentPostprocessing = 0;
		};
/* End PBXSourcesBuildPhase section */

/* Begin PBXVariantGroup section */
		B33B200B2423CBCC00F72A67 /* Main.storyboard */ = {
			isa = PBXVariantGroup;
			children = (
				B33B200C2423CBCC00F72A67 /* Base */,
			);
			name = Main.storyboard;
			sourceTree = "<group>";
		};
		B33B20102423CBCD00F72A67 /* LaunchScreen.storyboard */ = {
			isa = PBXVariantGroup;
			children = (
				B33B20112423CBCD00F72A67 /* Base */,
			);
			name = LaunchScreen.storyboard;
			sourceTree = "<group>";
		};
/* End PBXVariantGroup section */

/* Begin XCBuildConfiguration section */
		B33B20142423CBCD00F72A67 /* Debug */ = {
			isa = XCBuildConfiguration;
			buildSettings = {
				ALWAYS_SEARCH_USER_PATHS = NO;
				CLANG_ANALYZER_NONNULL = YES;
				CLANG_ANALYZER_NUMBER_OBJECT_CONVERSION = YES_AGGRESSIVE;
				CLANG_CXX_LANGUAGE_STANDARD = "gnu++14";
				CLANG_CXX_LIBRARY = "libc++";
				CLANG_ENABLE_MODULES = YES;
				CLANG_ENABLE_OBJC_ARC = YES;
				CLANG_ENABLE_OBJC_WEAK = YES;
				CLANG_WARN_BLOCK_CAPTURE_AUTORELEASING = YES;
				CLANG_WARN_BOOL_CONVERSION = YES;
				CLANG_WARN_COMMA = YES;
				CLANG_WARN_CONSTANT_CONVERSION = YES;
				CLANG_WARN_DEPRECATED_OBJC_IMPLEMENTATIONS = YES;
				CLANG_WARN_DIRECT_OBJC_ISA_USAGE = YES_ERROR;
				CLANG_WARN_DOCUMENTATION_COMMENTS = YES;
				CLANG_WARN_EMPTY_BODY = YES;
				CLANG_WARN_ENUM_CONVERSION = YES;
				CLANG_WARN_INFINITE_RECURSION = YES;
				CLANG_WARN_INT_CONVERSION = YES;
				CLANG_WARN_NON_LITERAL_NULL_CONVERSION = YES;
				CLANG_WARN_OBJC_IMPLICIT_RETAIN_SELF = YES;
				CLANG_WARN_OBJC_LITERAL_CONVERSION = YES;
				CLANG_WARN_OBJC_ROOT_CLASS = YES_ERROR;
				CLANG_WARN_RANGE_LOOP_ANALYSIS = YES;
				CLANG_WARN_STRICT_PROTOTYPES = YES;
				CLANG_WARN_SUSPICIOUS_MOVE = YES;
				CLANG_WARN_UNGUARDED_AVAILABILITY = YES_AGGRESSIVE;
				CLANG_WARN_UNREACHABLE_CODE = YES;
				CLANG_WARN__DUPLICATE_METHOD_MATCH = YES;
				COPY_PHASE_STRIP = NO;
				DEBUG_INFORMATION_FORMAT = dwarf;
				ENABLE_STRICT_OBJC_MSGSEND = YES;
				ENABLE_TESTABILITY = YES;
				GCC_C_LANGUAGE_STANDARD = gnu11;
				GCC_DYNAMIC_NO_PIC = NO;
				GCC_NO_COMMON_BLOCKS = YES;
				GCC_OPTIMIZATION_LEVEL = 0;
				GCC_PREPROCESSOR_DEFINITIONS = (
					"DEBUG=1",
					"$(inherited)",
				);
				GCC_WARN_64_TO_32_BIT_CONVERSION = YES;
				GCC_WARN_ABOUT_RETURN_TYPE = YES_ERROR;
				GCC_WARN_UNDECLARED_SELECTOR = YES;
				GCC_WARN_UNINITIALIZED_AUTOS = YES_AGGRESSIVE;
				GCC_WARN_UNUSED_FUNCTION = YES;
				GCC_WARN_UNUSED_VARIABLE = YES;
				IPHONEOS_DEPLOYMENT_TARGET = 13.2;
				MTL_ENABLE_DEBUG_INFO = INCLUDE_SOURCE;
				MTL_FAST_MATH = YES;
				ONLY_ACTIVE_ARCH = YES;
				SDKROOT = iphoneos;
				SWIFT_ACTIVE_COMPILATION_CONDITIONS = DEBUG;
				SWIFT_OPTIMIZATION_LEVEL = "-Onone";
			};
			name = Debug;
		};
		B33B20152423CBCD00F72A67 /* Release */ = {
			isa = XCBuildConfiguration;
			buildSettings = {
				ALWAYS_SEARCH_USER_PATHS = NO;
				CLANG_ANALYZER_NONNULL = YES;
				CLANG_ANALYZER_NUMBER_OBJECT_CONVERSION = YES_AGGRESSIVE;
				CLANG_CXX_LANGUAGE_STANDARD = "gnu++14";
				CLANG_CXX_LIBRARY = "libc++";
				CLANG_ENABLE_MODULES = YES;
				CLANG_ENABLE_OBJC_ARC = YES;
				CLANG_ENABLE_OBJC_WEAK = YES;
				CLANG_WARN_BLOCK_CAPTURE_AUTORELEASING = YES;
				CLANG_WARN_BOOL_CONVERSION = YES;
				CLANG_WARN_COMMA = YES;
				CLANG_WARN_CONSTANT_CONVERSION = YES;
				CLANG_WARN_DEPRECATED_OBJC_IMPLEMENTATIONS = YES;
				CLANG_WARN_DIRECT_OBJC_ISA_USAGE = YES_ERROR;
				CLANG_WARN_DOCUMENTATION_COMMENTS = YES;
				CLANG_WARN_EMPTY_BODY = YES;
				CLANG_WARN_ENUM_CONVERSION = YES;
				CLANG_WARN_INFINITE_RECURSION = YES;
				CLANG_WARN_INT_CONVERSION = YES;
				CLANG_WARN_NON_LITERAL_NULL_CONVERSION = YES;
				CLANG_WARN_OBJC_IMPLICIT_RETAIN_SELF = YES;
				CLANG_WARN_OBJC_LITERAL_CONVERSION = YES;
				CLANG_WARN_OBJC_ROOT_CLASS = YES_ERROR;
				CLANG_WARN_RANGE_LOOP_ANALYSIS = YES;
				CLANG_WARN_STRICT_PROTOTYPES = YES;
				CLANG_WARN_SUSPICIOUS_MOVE = YES;
				CLANG_WARN_UNGUARDED_AVAILABILITY = YES_AGGRESSIVE;
				CLANG_WARN_UNREACHABLE_CODE = YES;
				CLANG_WARN__DUPLICATE_METHOD_MATCH = YES;
				COPY_PHASE_STRIP = NO;
				DEBUG_INFORMATION_FORMAT = "dwarf-with-dsym";
				ENABLE_NS_ASSERTIONS = NO;
				ENABLE_STRICT_OBJC_MSGSEND = YES;
				GCC_C_LANGUAGE_STANDARD = gnu11;
				GCC_NO_COMMON_BLOCKS = YES;
				GCC_WARN_64_TO_32_BIT_CONVERSION = YES;
				GCC_WARN_ABOUT_RETURN_TYPE = YES_ERROR;
				GCC_WARN_UNDECLARED_SELECTOR = YES;
				GCC_WARN_UNINITIALIZED_AUTOS = YES_AGGRESSIVE;
				GCC_WARN_UNUSED_FUNCTION = YES;
				GCC_WARN_UNUSED_VARIABLE = YES;
				IPHONEOS_DEPLOYMENT_TARGET = 13.2;
				MTL_ENABLE_DEBUG_INFO = NO;
				MTL_FAST_MATH = YES;
				SDKROOT = iphoneos;
				SWIFT_COMPILATION_MODE = wholemodule;
				SWIFT_OPTIMIZATION_LEVEL = "-O";
				VALIDATE_PRODUCT = YES;
			};
			name = Release;
		};
		B33B20172423CBCD00F72A67 /* Debug */ = {
			isa = XCBuildConfiguration;
			buildSettings = {
				ASSETCATALOG_COMPILER_APPICON_NAME = AppIcon;
				CODE_SIGN_STYLE = Automatic;
				DEVELOPMENT_TEAM = L84526FKU5;
				INFOPLIST_FILE = clientVK/Info.plist;
				LD_RUNPATH_SEARCH_PATHS = (
					"$(inherited)",
					"@executable_path/Frameworks",
				);
				PRODUCT_BUNDLE_IDENTIFIER = "-2.clientVK";
				PRODUCT_NAME = "$(TARGET_NAME)";
				SWIFT_VERSION = 5.0;
				TARGETED_DEVICE_FAMILY = "1,2";
			};
			name = Debug;
		};
		B33B20182423CBCD00F72A67 /* Release */ = {
			isa = XCBuildConfiguration;
			buildSettings = {
				ASSETCATALOG_COMPILER_APPICON_NAME = AppIcon;
				CODE_SIGN_STYLE = Automatic;
				DEVELOPMENT_TEAM = L84526FKU5;
				INFOPLIST_FILE = clientVK/Info.plist;
				LD_RUNPATH_SEARCH_PATHS = (
					"$(inherited)",
					"@executable_path/Frameworks",
				);
				PRODUCT_BUNDLE_IDENTIFIER = "-2.clientVK";
				PRODUCT_NAME = "$(TARGET_NAME)";
				SWIFT_VERSION = 5.0;
				TARGETED_DEVICE_FAMILY = "1,2";
			};
			name = Release;
		};
/* End XCBuildConfiguration section */

/* Begin XCConfigurationList section */
		B33B1FFD2423CBCC00F72A67 /* Build configuration list for PBXProject "clientVK" */ = {
			isa = XCConfigurationList;
			buildConfigurations = (
				B33B20142423CBCD00F72A67 /* Debug */,
				B33B20152423CBCD00F72A67 /* Release */,
			);
			defaultConfigurationIsVisible = 0;
			defaultConfigurationName = Release;
		};
		B33B20162423CBCD00F72A67 /* Build configuration list for PBXNativeTarget "clientVK" */ = {
			isa = XCConfigurationList;
			buildConfigurations = (
				B33B20172423CBCD00F72A67 /* Debug */,
				B33B20182423CBCD00F72A67 /* Release */,
			);
			defaultConfigurationIsVisible = 0;
			defaultConfigurationName = Release;
		};
/* End XCConfigurationList section */
	};
	rootObject = B33B1FFA2423CBCC00F72A67 /* Project object */;
}
